
Microsoft Visual Studio Solution File, Format Version 12.00
# Visual Studio Version 17
VisualStudioVersion = 17.14.36121.58 d17.14
MinimumVisualStudioVersion = 10.0.40219.1
Project("{FAE04EC0-301F-11D3-BF4B-00C04F79EFBC}") = "AkdTimerGV", "AkdTimerGV\AkdTimerGV.csproj", "{2678C0BC-0163-4B04-91EF-2EB153E59DCB}"
EndProject
Global
	GlobalSection(SolutionConfigurationPlatforms) = preSolution
		Debug|Any CPU = Debug|Any CPU
		Release|Any CPU = Release|Any CPU
	EndGlobalSection
	GlobalSection(ProjectConfigurationPlatforms) = postSolution
		{2678C0BC-0163-4B04-91EF-2EB153E59DCB}.Debug|Any CPU.ActiveCfg = Debug|Any CPU
		{2678C0BC-0163-4B04-91EF-2EB153E59DCB}.Debug|Any CPU.Build.0 = Debug|Any CPU
		{2678C0BC-0163-4B04-91EF-2EB153E59DCB}.Release|Any CPU.ActiveCfg = Release|Any CPU
		{2678C0BC-0163-4B04-91EF-2EB153E59DCB}.Release|Any CPU.Build.0 = Release|Any CPU
	EndGlobalSection
	GlobalSection(SolutionProperties) = preSolution
		HideSolutionNode = FALSE
	EndGlobalSection
	GlobalSection(ExtensibilityGlobals) = postSolution
		SolutionGuid = {E9B17534-E7CD-4F6B-A368-2399B21F6E3F}
	EndGlobalSection
EndGlobal
